
Microsoft Visual Studio Solution File, Format Version 12.00
# Visual Studio Version 16
VisualStudioVersion = 16.0.30104.148
MinimumVisualStudioVersion = 10.0.40219.1
Project("{FAE04EC0-301F-11D3-BF4B-00C04F79EFBC}") = "Queue_CSharp", "Queue_CSharp\Queue_CSharp.csproj", "{6ED13A02-2520-4712-8A1B-9BD60DAE3CA9}"
EndProject
Global
	GlobalSection(SolutionConfigurationPlatforms) = preSolution
		Debug|Any CPU = Debug|Any CPU
		Release|Any CPU = Release|Any CPU
	EndGlobalSection
	GlobalSection(ProjectConfigurationPlatforms) = postSolution
		{6ED13A02-2520-4712-8A1B-9BD60DAE3CA9}.Debug|Any CPU.ActiveCfg = Debug|Any CPU
		{6ED13A02-2520-4712-8A1B-9BD60DAE3CA9}.Debug|Any CPU.Build.0 = Debug|Any CPU
		{6ED13A02-2520-4712-8A1B-9BD60DAE3CA9}.Release|Any CPU.ActiveCfg = Release|Any CPU
		{6ED13A02-2520-4712-8A1B-9BD60DAE3CA9}.Release|Any CPU.Build.0 = Release|Any CPU
	EndGlobalSection
	GlobalSection(SolutionProperties) = preSolution
		HideSolutionNode = FALSE
	EndGlobalSection
	GlobalSection(ExtensibilityGlobals) = postSolution
		SolutionGuid = {4CAF5A81-E235-4815-A797-555106349725}
	EndGlobalSection
EndGlobal
